// !$*UTF8*$!
{
	archiveVersion = 1;
	classes = {
	};
	objectVersion = 50;
	objects = {

/* Begin PBXBuildFile section */
		D07C396823880867003F7470 /* main.m in Sources */ = {isa = PBXBuildFile; fileRef = D07C396723880867003F7470 /* main.m */; };
		D07C3970238808DB003F7470 /* SFApp.m in Sources */ = {isa = PBXBuildFile; fileRef = D07C396F238808DB003F7470 /* SFApp.m */; };
		D07C397523880900003F7470 /* SFQuote.m in Sources */ = {isa = PBXBuildFile; fileRef = D07C397423880900003F7470 /* SFQuote.m */; };
/* End PBXBuildFile section */

/* Begin PBXCopyFilesBuildPhase section */
		D07C396223880867003F7470 /* CopyFiles */ = {
			isa = PBXCopyFilesBuildPhase;
			buildActionMask = 2147483647;
			dstPath = /usr/share/man/man1/;
			dstSubfolderSpec = 0;
			files = (
			);
			runOnlyForDeploymentPostprocessing = 1;
		};
/* End PBXCopyFilesBuildPhase section */

/* Begin PBXFileReference section */
		D07C396423880867003F7470 /* SciFiQuotes */ = {isa = PBXFileReference; explicitFileType = "compiled.mach-o.executable"; includeInIndex = 0; path = SciFiQuotes; sourceTree = BUILT_PRODUCTS_DIR; };
		D07C396723880867003F7470 /* main.m */ = {isa = PBXFileReference; lastKnownFileType = sourcecode.c.objc; path = main.m; sourceTree = "<group>"; };
		D07C396E238808DB003F7470 /* SFApp.h */ = {isa = PBXFileReference; lastKnownFileType = sourcecode.c.h; path = SFApp.h; sourceTree = "<group>"; };
		D07C396F238808DB003F7470 /* SFApp.m */ = {isa = PBXFileReference; lastKnownFileType = sourcecode.c.objc; path = SFApp.m; sourceTree = "<group>"; };
		D07C397323880900003F7470 /* SFQuote.h */ = {isa = PBXFileReference; lastKnownFileType = sourcecode.c.h; path = SFQuote.h; sourceTree = "<group>"; };
		D07C397423880900003F7470 /* SFQuote.m */ = {isa = PBXFileReference; lastKnownFileType = sourcecode.c.objc; path = SFQuote.m; sourceTree = "<group>"; };
/* End PBXFileReference section */

/* Begin PBXFrameworksBuildPhase section */
		D07C396123880867003F7470 /* Frameworks */ = {
			isa = PBXFrameworksBuildPhase;
			buildActionMask = 2147483647;
			files = (
			);
			runOnlyForDeploymentPostprocessing = 0;
		};
/* End PBXFrameworksBuildPhase section */

/* Begin PBXGroup section */
		D07C395B23880867003F7470 = {
			isa = PBXGroup;
			children = (
				D07C396623880867003F7470 /* SciFiQuotes */,
				D07C396523880867003F7470 /* Products */,
			);
			sourceTree = "<group>";
		};
		D07C396523880867003F7470 /* Products */ = {
			isa = PBXGroup;
			children = (
				D07C396423880867003F7470 /* SciFiQuotes */,
			);
			name = Products;
			sourceTree = "<group>";
		};
		D07C396623880867003F7470 /* SciFiQuotes */ = {
			isa = PBXGroup;
			children = (
				D07C3972238808ED003F7470 /* SFQuote */,
				D07C3971238808E2003F7470 /* SFApp */,
				D07C396723880867003F7470 /* main.m */,
			);
			path = SciFiQuotes;
			sourceTree = "<group>";
		};
		D07C3971238808E2003F7470 /* SFApp */ = {
			isa = PBXGroup;
			children = (
				D07C396E238808DB003F7470 /* SFApp.h */,
				D07C396F238808DB003F7470 /* SFApp.m */,
			);
			path = SFApp;
			sourceTree = "<group>";
		};
		D07C3972238808ED003F7470 /* SFQuote */ = {
			isa = PBXGroup;
			children = (
				D07C397323880900003F7470 /* SFQuote.h */,
				D07C397423880900003F7470 /* SFQuote.m */,
			);
			path = SFQuote;
			sourceTree = "<group>";
		};
/* End PBXGroup section */

/* Begin PBXNativeTarget section */
		D07C396323880867003F7470 /* SciFiQuotes */ = {
			isa = PBXNativeTarget;
			buildConfigurationList = D07C396B23880867003F7470 /* Build configuration list for PBXNativeTarget "SciFiQuotes" */;
			buildPhases = (
				D07C396023880867003F7470 /* Sources */,
				D07C396123880867003F7470 /* Frameworks */,
				D07C396223880867003F7470 /* CopyFiles */,
			);
			buildRules = (
			);
			dependencies = (
			);
			name = SciFiQuotes;
			productName = SciFiQuotes;
			productReference = D07C396423880867003F7470 /* SciFiQuotes */;
			productType = "com.apple.product-type.tool";
		};
/* End PBXNativeTarget section */

/* Begin PBXProject section */
		D07C395C23880867003F7470 /* Project object */ = {
			isa = PBXProject;
			attributes = {
				LastUpgradeCheck = 1120;
				ORGANIZATIONNAME = "Ben Hall";
				TargetAttributes = {
					D07C396323880867003F7470 = {
						CreatedOnToolsVersion = 11.2.1;
					};
				};
			};
			buildConfigurationList = D07C395F23880867003F7470 /* Build configuration list for PBXProject "SciFiQuotes" */;
			compatibilityVersion = "Xcode 9.3";
			developmentRegion = en;
			hasScannedForEncodings = 0;
			knownRegions = (
				en,
				Base,
			);
			mainGroup = D07C395B23880867003F7470;
			productRefGroup = D07C396523880867003F7470 /* Products */;
			projectDirPath = "";
			projectRoot = "";
			targets = (
				D07C396323880867003F7470 /* SciFiQuotes */,
			);
		};
/* End PBXProject section */

/* Begin PBXSourcesBuildPhase section */
		D07C396023880867003F7470 /* Sources */ = {
			isa = PBXSourcesBuildPhase;
			buildActionMask = 2147483647;
			files = (
				D07C397523880900003F7470 /* SFQuote.m in Sources */,
				D07C3970238808DB003F7470 /* SFApp.m in Sources */,
				D07C396823880867003F7470 /* main.m in Sources */,
			);
			runOnlyForDeploymentPostprocessing = 0;
		};
/* End PBXSourcesBuildPhase section */

/* Begin XCBuildConfiguration section */
		D07C396923880867003F7470 /* Debug */ = {
			isa = XCBuildConfiguration;
			buildSettings = {
				ALWAYS_SEARCH_USER_PATHS = NO;
				CLANG_ANALYZER_NONNULL = YES;
				CLANG_ANALYZER_NUMBER_OBJECT_CONVERSION = YES_AGGRESSIVE;
				CLANG_CXX_LANGUAGE_STANDARD = "gnu++14";
				CLANG_CXX_LIBRARY = "libc++";
				CLANG_ENABLE_MODULES = YES;
				CLANG_ENABLE_OBJC_ARC = YES;
				CLANG_ENABLE_OBJC_WEAK = YES;
				CLANG_WARN_BLOCK_CAPTURE_AUTORELEASING = YES;
				CLANG_WARN_BOOL_CONVERSION = YES;
				CLANG_WARN_COMMA = YES;
				CLANG_WARN_CONSTANT_CONVERSION = YES;
				CLANG_WARN_DEPRECATED_OBJC_IMPLEMENTATIONS = YES;
				CLANG_WARN_DIRECT_OBJC_ISA_USAGE = YES_ERROR;
				CLANG_WARN_DOCUMENTATION_COMMENTS = YES;
				CLANG_WARN_EMPTY_BODY = YES;
				CLANG_WARN_ENUM_CONVERSION = YES;
				CLANG_WARN_INFINITE_RECURSION = YES;
				CLANG_WARN_INT_CONVERSION = YES;
				CLANG_WARN_NON_LITERAL_NULL_CONVERSION = YES;
				CLANG_WARN_OBJC_IMPLICIT_RETAIN_SELF = YES;
				CLANG_WARN_OBJC_LITERAL_CONVERSION = YES;
				CLANG_WARN_OBJC_ROOT_CLASS = YES_ERROR;
				CLANG_WARN_RANGE_LOOP_ANALYSIS = YES;
				CLANG_WARN_STRICT_PROTOTYPES = YES;
				CLANG_WARN_SUSPICIOUS_MOVE = YES;
				CLANG_WARN_UNGUARDED_AVAILABILITY = YES_AGGRESSIVE;
				CLANG_WARN_UNREACHABLE_CODE = YES;
				CLANG_WARN__DUPLICATE_METHOD_MATCH = YES;
				COPY_PHASE_STRIP = NO;
				DEBUG_INFORMATION_FORMAT = dwarf;
				ENABLE_STRICT_OBJC_MSGSEND = YES;
				ENABLE_TESTABILITY = YES;
				GCC_C_LANGUAGE_STANDARD = gnu11;
				GCC_DYNAMIC_NO_PIC = NO;
				GCC_NO_COMMON_BLOCKS = YES;
				GCC_OPTIMIZATION_LEVEL = 0;
				GCC_PREPROCESSOR_DEFINITIONS = (
					"DEBUG=1",
					"$(inherited)",
				);
				GCC_WARN_64_TO_32_BIT_CONVERSION = YES;
				GCC_WARN_ABOUT_RETURN_TYPE = YES_ERROR;
				GCC_WARN_UNDECLARED_SELECTOR = YES;
				GCC_WARN_UNINITIALIZED_AUTOS = YES_AGGRESSIVE;
				GCC_WARN_UNUSED_FUNCTION = YES;
				GCC_WARN_UNUSED_VARIABLE = YES;
				MACOSX_DEPLOYMENT_TARGET = 10.14;
				MTL_ENABLE_DEBUG_INFO = INCLUDE_SOURCE;
				MTL_FAST_MATH = YES;
				ONLY_ACTIVE_ARCH = YES;
				SDKROOT = macosx;
			};
			name = Debug;
		};
		D07C396A23880867003F7470 /* Release */ = {
			isa = XCBuildConfiguration;
			buildSettings = {
				ALWAYS_SEARCH_USER_PATHS = NO;
				CLANG_ANALYZER_NONNULL = YES;
				CLANG_ANALYZER_NUMBER_OBJECT_CONVERSION = YES_AGGRESSIVE;
				CLANG_CXX_LANGUAGE_STANDARD = "gnu++14";
				CLANG_CXX_LIBRARY = "libc++";
				CLANG_ENABLE_MODULES = YES;
				CLANG_ENABLE_OBJC_ARC = YES;
				CLANG_ENABLE_OBJC_WEAK = YES;
				CLANG_WARN_BLOCK_CAPTURE_AUTORELEASING = YES;
				CLANG_WARN_BOOL_CONVERSION = YES;
				CLANG_WARN_COMMA = YES;
				CLANG_WARN_CONSTANT_CONVERSION = YES;
				CLANG_WARN_DEPRECATED_OBJC_IMPLEMENTATIONS = YES;
				CLANG_WARN_DIRECT_OBJC_ISA_USAGE = YES_ERROR;
				CLANG_WARN_DOCUMENTATION_COMMENTS = YES;
				CLANG_WARN_EMPTY_BODY = YES;
				CLANG_WARN_ENUM_CONVERSION = YES;
				CLANG_WARN_INFINITE_RECURSION = YES;
				CLANG_WARN_INT_CONVERSION = YES;
				CLANG_WARN_NON_LITERAL_NULL_CONVERSION = YES;
				CLANG_WARN_OBJC_IMPLICIT_RETAIN_SELF = YES;
				CLANG_WARN_OBJC_LITERAL_CONVERSION = YES;
				CLANG_WARN_OBJC_ROOT_CLASS = YES_ERROR;
				CLANG_WARN_RANGE_LOOP_ANALYSIS = YES;
				CLANG_WARN_STRICT_PROTOTYPES = YES;
				CLANG_WARN_SUSPICIOUS_MOVE = YES;
				CLANG_WARN_UNGUARDED_AVAILABILITY = YES_AGGRESSIVE;
				CLANG_WARN_UNREACHABLE_CODE = YES;
				CLANG_WARN__DUPLICATE_METHOD_MATCH = YES;
				COPY_PHASE_STRIP = NO;
				DEBUG_INFORMATION_FORMAT = "dwarf-with-dsym";
				ENABLE_NS_ASSERTIONS = NO;
				ENABLE_STRICT_OBJC_MSGSEND = YES;
				GCC_C_LANGUAGE_STANDARD = gnu11;
				GCC_NO_COMMON_BLOCKS = YES;
				GCC_WARN_64_TO_32_BIT_CONVERSION = YES;
				GCC_WARN_ABOUT_RETURN_TYPE = YES_ERROR;
				GCC_WARN_UNDECLARED_SELECTOR = YES;
				GCC_WARN_UNINITIALIZED_AUTOS = YES_AGGRESSIVE;
				GCC_WARN_UNUSED_FUNCTION = YES;
				GCC_WARN_UNUSED_VARIABLE = YES;
				MACOSX_DEPLOYMENT_TARGET = 10.14;
				MTL_ENABLE_DEBUG_INFO = NO;
				MTL_FAST_MATH = YES;
				SDKROOT = macosx;
			};
			name = Release;
		};
		D07C396C23880867003F7470 /* Debug */ = {
			isa = XCBuildConfiguration;
			buildSettings = {
				CODE_SIGN_STYLE = Automatic;
				GCC_TREAT_WARNINGS_AS_ERRORS = YES;
				PRODUCT_NAME = "$(TARGET_NAME)";
			};
			name = Debug;
		};
		D07C396D23880867003F7470 /* Release */ = {
			isa = XCBuildConfiguration;
			buildSettings = {
				CODE_SIGN_STYLE = Automatic;
				GCC_TREAT_WARNINGS_AS_ERRORS = YES;
				PRODUCT_NAME = "$(TARGET_NAME)";
			};
			name = Release;
		};
/* End XCBuildConfiguration section */

/* Begin XCConfigurationList section */
		D07C395F23880867003F7470 /* Build configuration list for PBXProject "SciFiQuotes" */ = {
			isa = XCConfigurationList;
			buildConfigurations = (
				D07C396923880867003F7470 /* Debug */,
				D07C396A23880867003F7470 /* Release */,
			);
			defaultConfigurationIsVisible = 0;
			defaultConfigurationName = Release;
		};
		D07C396B23880867003F7470 /* Build configuration list for PBXNativeTarget "SciFiQuotes" */ = {
			isa = XCConfigurationList;
			buildConfigurations = (
				D07C396C23880867003F7470 /* Debug */,
				D07C396D23880867003F7470 /* Release */,
			);
			defaultConfigurationIsVisible = 0;
			defaultConfigurationName = Release;
		};
/* End XCConfigurationList section */
	};
	rootObject = D07C395C23880867003F7470 /* Project object */;
}
